// !$*UTF8*$!
{
	archiveVersion = 1;
	classes = {
	};
	objectVersion = 50;
	objects = {

/* Begin PBXBuildFile section */
		26534C3A257E782800374642 /* AppDelegate.swift in Sources */ = {isa = PBXBuildFile; fileRef = 26534C39257E782800374642 /* AppDelegate.swift */; };
		26534C3C257E782800374642 /* SceneDelegate.swift in Sources */ = {isa = PBXBuildFile; fileRef = 26534C3B257E782800374642 /* SceneDelegate.swift */; };
		26534C3E257E782800374642 /* ViewController.swift in Sources */ = {isa = PBXBuildFile; fileRef = 26534C3D257E782800374642 /* ViewController.swift */; };
		26534C41257E782800374642 /* Main.storyboard in Resources */ = {isa = PBXBuildFile; fileRef = 26534C3F257E782800374642 /* Main.storyboard */; };
		26534C43257E782A00374642 /* Assets.xcassets in Resources */ = {isa = PBXBuildFile; fileRef = 26534C42257E782A00374642 /* Assets.xcassets */; };
		26534C46257E782A00374642 /* LaunchScreen.storyboard in Resources */ = {isa = PBXBuildFile; fileRef = 26534C44257E782A00374642 /* LaunchScreen.storyboard */; };
		26534C51257E782A00374642 /* TriangleSegitigaTests.swift in Sources */ = {isa = PBXBuildFile; fileRef = 26534C50257E782A00374642 /* TriangleSegitigaTests.swift */; };
		26534C5C257E782A00374642 /* TriangleSegitigaUITests.swift in Sources */ = {isa = PBXBuildFile; fileRef = 26534C5B257E782A00374642 /* TriangleSegitigaUITests.swift */; };
/* End PBXBuildFile section */

/* Begin PBXContainerItemProxy section */
		26534C4D257E782A00374642 /* PBXContainerItemProxy */ = {
			isa = PBXContainerItemProxy;
			containerPortal = 26534C2E257E782800374642 /* Project object */;
			proxyType = 1;
			remoteGlobalIDString = 26534C35257E782800374642;
			remoteInfo = TriangleSegitiga;
		};
		26534C58257E782A00374642 /* PBXContainerItemProxy */ = {
			isa = PBXContainerItemProxy;
			containerPortal = 26534C2E257E782800374642 /* Project object */;
			proxyType = 1;
			remoteGlobalIDString = 26534C35257E782800374642;
			remoteInfo = TriangleSegitiga;
		};
/* End PBXContainerItemProxy section */

/* Begin PBXFileReference section */
		26534C36257E782800374642 /* TriangleSegitiga.app */ = {isa = PBXFileReference; explicitFileType = wrapper.application; includeInIndex = 0; path = TriangleSegitiga.app; sourceTree = BUILT_PRODUCTS_DIR; };
		26534C39257E782800374642 /* AppDelegate.swift */ = {isa = PBXFileReference; lastKnownFileType = sourcecode.swift; path = AppDelegate.swift; sourceTree = "<group>"; };
		26534C3B257E782800374642 /* SceneDelegate.swift */ = {isa = PBXFileReference; lastKnownFileType = sourcecode.swift; path = SceneDelegate.swift; sourceTree = "<group>"; };
		26534C3D257E782800374642 /* ViewController.swift */ = {isa = PBXFileReference; lastKnownFileType = sourcecode.swift; path = ViewController.swift; sourceTree = "<group>"; };
		26534C40257E782800374642 /* Base */ = {isa = PBXFileReference; lastKnownFileType = file.storyboard; name = Base; path = Base.lproj/Main.storyboard; sourceTree = "<group>"; };
		26534C42257E782A00374642 /* Assets.xcassets */ = {isa = PBXFileReference; lastKnownFileType = folder.assetcatalog; path = Assets.xcassets; sourceTree = "<group>"; };
		26534C45257E782A00374642 /* Base */ = {isa = PBXFileReference; lastKnownFileType = file.storyboard; name = Base; path = Base.lproj/LaunchScreen.storyboard; sourceTree = "<group>"; };
		26534C47257E782A00374642 /* Info.plist */ = {isa = PBXFileReference; lastKnownFileType = text.plist.xml; path = Info.plist; sourceTree = "<group>"; };
		26534C4C257E782A00374642 /* TriangleSegitigaTests.xctest */ = {isa = PBXFileReference; explicitFileType = wrapper.cfbundle; includeInIndex = 0; path = TriangleSegitigaTests.xctest; sourceTree = BUILT_PRODUCTS_DIR; };
		26534C50257E782A00374642 /* TriangleSegitigaTests.swift */ = {isa = PBXFileReference; lastKnownFileType = sourcecode.swift; path = TriangleSegitigaTests.swift; sourceTree = "<group>"; };
		26534C52257E782A00374642 /* Info.plist */ = {isa = PBXFileReference; lastKnownFileType = text.plist.xml; path = Info.plist; sourceTree = "<group>"; };
		26534C57257E782A00374642 /* TriangleSegitigaUITests.xctest */ = {isa = PBXFileReference; explicitFileType = wrapper.cfbundle; includeInIndex = 0; path = TriangleSegitigaUITests.xctest; sourceTree = BUILT_PRODUCTS_DIR; };
		26534C5B257E782A00374642 /* TriangleSegitigaUITests.swift */ = {isa = PBXFileReference; lastKnownFileType = sourcecode.swift; path = TriangleSegitigaUITests.swift; sourceTree = "<group>"; };
		26534C5D257E782A00374642 /* Info.plist */ = {isa = PBXFileReference; lastKnownFileType = text.plist.xml; path = Info.plist; sourceTree = "<group>"; };
/* End PBXFileReference section */

/* Begin PBXFrameworksBuildPhase section */
		26534C33257E782800374642 /* Frameworks */ = {
			isa = PBXFrameworksBuildPhase;
			buildActionMask = 2147483647;
			files = (
			);
			runOnlyForDeploymentPostprocessing = 0;
		};
		26534C49257E782A00374642 /* Frameworks */ = {
			isa = PBXFrameworksBuildPhase;
			buildActionMask = 2147483647;
			files = (
			);
			runOnlyForDeploymentPostprocessing = 0;
		};
		26534C54257E782A00374642 /* Frameworks */ = {
			isa = PBXFrameworksBuildPhase;
			buildActionMask = 2147483647;
			files = (
			);
			runOnlyForDeploymentPostprocessing = 0;
		};
/* End PBXFrameworksBuildPhase section */

/* Begin PBXGroup section */
		26534C2D257E782800374642 = {
			isa = PBXGroup;
			children = (
				26534C38257E782800374642 /* TriangleSegitiga */,
				26534C4F257E782A00374642 /* TriangleSegitigaTests */,
				26534C5A257E782A00374642 /* TriangleSegitigaUITests */,
				26534C37257E782800374642 /* Products */,
			);
			sourceTree = "<group>";
		};
		26534C37257E782800374642 /* Products */ = {
			isa = PBXGroup;
			children = (
				26534C36257E782800374642 /* TriangleSegitiga.app */,
				26534C4C257E782A00374642 /* TriangleSegitigaTests.xctest */,
				26534C57257E782A00374642 /* TriangleSegitigaUITests.xctest */,
			);
			name = Products;
			sourceTree = "<group>";
		};
		26534C38257E782800374642 /* TriangleSegitiga */ = {
			isa = PBXGroup;
			children = (
				26534C39257E782800374642 /* AppDelegate.swift */,
				26534C3B257E782800374642 /* SceneDelegate.swift */,
				26534C3D257E782800374642 /* ViewController.swift */,
				26534C3F257E782800374642 /* Main.storyboard */,
				26534C42257E782A00374642 /* Assets.xcassets */,
				26534C44257E782A00374642 /* LaunchScreen.storyboard */,
				26534C47257E782A00374642 /* Info.plist */,
			);
			path = TriangleSegitiga;
			sourceTree = "<group>";
		};
		26534C4F257E782A00374642 /* TriangleSegitigaTests */ = {
			isa = PBXGroup;
			children = (
				26534C50257E782A00374642 /* TriangleSegitigaTests.swift */,
				26534C52257E782A00374642 /* Info.plist */,
			);
			path = TriangleSegitigaTests;
			sourceTree = "<group>";
		};
		26534C5A257E782A00374642 /* TriangleSegitigaUITests */ = {
			isa = PBXGroup;
			children = (
				26534C5B257E782A00374642 /* TriangleSegitigaUITests.swift */,
				26534C5D257E782A00374642 /* Info.plist */,
			);
			path = TriangleSegitigaUITests;
			sourceTree = "<group>";
		};
/* End PBXGroup section */

/* Begin PBXNativeTarget section */
		26534C35257E782800374642 /* TriangleSegitiga */ = {
			isa = PBXNativeTarget;
			buildConfigurationList = 26534C60257E782A00374642 /* Build configuration list for PBXNativeTarget "TriangleSegitiga" */;
			buildPhases = (
				26534C32257E782800374642 /* Sources */,
				26534C33257E782800374642 /* Frameworks */,
				26534C34257E782800374642 /* Resources */,
			);
			buildRules = (
			);
			dependencies = (
			);
			name = TriangleSegitiga;
			productName = TriangleSegitiga;
			productReference = 26534C36257E782800374642 /* TriangleSegitiga.app */;
			productType = "com.apple.product-type.application";
		};
		26534C4B257E782A00374642 /* TriangleSegitigaTests */ = {
			isa = PBXNativeTarget;
			buildConfigurationList = 26534C63257E782A00374642 /* Build configuration list for PBXNativeTarget "TriangleSegitigaTests" */;
			buildPhases = (
				26534C48257E782A00374642 /* Sources */,
				26534C49257E782A00374642 /* Frameworks */,
				26534C4A257E782A00374642 /* Resources */,
			);
			buildRules = (
			);
			dependencies = (
				26534C4E257E782A00374642 /* PBXTargetDependency */,
			);
			name = TriangleSegitigaTests;
			productName = TriangleSegitigaTests;
			productReference = 26534C4C257E782A00374642 /* TriangleSegitigaTests.xctest */;
			productType = "com.apple.product-type.bundle.unit-test";
		};
		26534C56257E782A00374642 /* TriangleSegitigaUITests */ = {
			isa = PBXNativeTarget;
			buildConfigurationList = 26534C66257E782A00374642 /* Build configuration list for PBXNativeTarget "TriangleSegitigaUITests" */;
			buildPhases = (
				26534C53257E782A00374642 /* Sources */,
				26534C54257E782A00374642 /* Frameworks */,
				26534C55257E782A00374642 /* Resources */,
			);
			buildRules = (
			);
			dependencies = (
				26534C59257E782A00374642 /* PBXTargetDependency */,
			);
			name = TriangleSegitigaUITests;
			productName = TriangleSegitigaUITests;
			productReference = 26534C57257E782A00374642 /* TriangleSegitigaUITests.xctest */;
			productType = "com.apple.product-type.bundle.ui-testing";
		};
/* End PBXNativeTarget section */

/* Begin PBXProject section */
		26534C2E257E782800374642 /* Project object */ = {
			isa = PBXProject;
			attributes = {
				LastSwiftUpdateCheck = 1200;
				LastUpgradeCheck = 1200;
				TargetAttributes = {
					26534C35257E782800374642 = {
						CreatedOnToolsVersion = 12.0.1;
					};
					26534C4B257E782A00374642 = {
						CreatedOnToolsVersion = 12.0.1;
						TestTargetID = 26534C35257E782800374642;
					};
					26534C56257E782A00374642 = {
						CreatedOnToolsVersion = 12.0.1;
						TestTargetID = 26534C35257E782800374642;
					};
				};
			};
			buildConfigurationList = 26534C31257E782800374642 /* Build configuration list for PBXProject "TriangleSegitiga" */;
			compatibilityVersion = "Xcode 9.3";
			developmentRegion = en;
			hasScannedForEncodings = 0;
			knownRegions = (
				en,
				Base,
			);
			mainGroup = 26534C2D257E782800374642;
			productRefGroup = 26534C37257E782800374642 /* Products */;
			projectDirPath = "";
			projectRoot = "";
			targets = (
				26534C35257E782800374642 /* TriangleSegitiga */,
				26534C4B257E782A00374642 /* TriangleSegitigaTests */,
				26534C56257E782A00374642 /* TriangleSegitigaUITests */,
			);
		};
/* End PBXProject section */

/* Begin PBXResourcesBuildPhase section */
		26534C34257E782800374642 /* Resources */ = {
			isa = PBXResourcesBuildPhase;
			buildActionMask = 2147483647;
			files = (
				26534C46257E782A00374642 /* LaunchScreen.storyboard in Resources */,
				26534C43257E782A00374642 /* Assets.xcassets in Resources */,
				26534C41257E782800374642 /* Main.storyboard in Resources */,
			);
			runOnlyForDeploymentPostprocessing = 0;
		};
		26534C4A257E782A00374642 /* Resources */ = {
			isa = PBXResourcesBuildPhase;
			buildActionMask = 2147483647;
			files = (
			);
			runOnlyForDeploymentPostprocessing = 0;
		};
		26534C55257E782A00374642 /* Resources */ = {
			isa = PBXResourcesBuildPhase;
			buildActionMask = 2147483647;
			files = (
			);
			runOnlyForDeploymentPostprocessing = 0;
		};
/* End PBXResourcesBuildPhase section */

/* Begin PBXSourcesBuildPhase section */
		26534C32257E782800374642 /* Sources */ = {
			isa = PBXSourcesBuildPhase;
			buildActionMask = 2147483647;
			files = (
				26534C3E257E782800374642 /* ViewController.swift in Sources */,
				26534C3A257E782800374642 /* AppDelegate.swift in Sources */,
				26534C3C257E782800374642 /* SceneDelegate.swift in Sources */,
			);
			runOnlyForDeploymentPostprocessing = 0;
		};
		26534C48257E782A00374642 /* Sources */ = {
			isa = PBXSourcesBuildPhase;
			buildActionMask = 2147483647;
			files = (
				26534C51257E782A00374642 /* TriangleSegitigaTests.swift in Sources */,
			);
			runOnlyForDeploymentPostprocessing = 0;
		};
		26534C53257E782A00374642 /* Sources */ = {
			isa = PBXSourcesBuildPhase;
			buildActionMask = 2147483647;
			files = (
				26534C5C257E782A00374642 /* TriangleSegitigaUITests.swift in Sources */,
			);
			runOnlyForDeploymentPostprocessing = 0;
		};
/* End PBXSourcesBuildPhase section */

/* Begin PBXTargetDependency section */
		26534C4E257E782A00374642 /* PBXTargetDependency */ = {
			isa = PBXTargetDependency;
			target = 26534C35257E782800374642 /* TriangleSegitiga */;
			targetProxy = 26534C4D257E782A00374642 /* PBXContainerItemProxy */;
		};
		26534C59257E782A00374642 /* PBXTargetDependency */ = {
			isa = PBXTargetDependency;
			target = 26534C35257E782800374642 /* TriangleSegitiga */;
			targetProxy = 26534C58257E782A00374642 /* PBXContainerItemProxy */;
		};
/* End PBXTargetDependency section */

/* Begin PBXVariantGroup section */
		26534C3F257E782800374642 /* Main.storyboard */ = {
			isa = PBXVariantGroup;
			children = (
				26534C40257E782800374642 /* Base */,
			);
			name = Main.storyboard;
			sourceTree = "<group>";
		};
		26534C44257E782A00374642 /* LaunchScreen.storyboard */ = {
			isa = PBXVariantGroup;
			children = (
				26534C45257E782A00374642 /* Base */,
			);
			name = LaunchScreen.storyboard;
			sourceTree = "<group>";
		};
/* End PBXVariantGroup section */

/* Begin XCBuildConfiguration section */
		26534C5E257E782A00374642 /* Debug */ = {
			isa = XCBuildConfiguration;
			buildSettings = {
				ALWAYS_SEARCH_USER_PATHS = NO;
				CLANG_ANALYZER_NONNULL = YES;
				CLANG_ANALYZER_NUMBER_OBJECT_CONVERSION = YES_AGGRESSIVE;
				CLANG_CXX_LANGUAGE_STANDARD = "gnu++14";
				CLANG_CXX_LIBRARY = "libc++";
				CLANG_ENABLE_MODULES = YES;
				CLANG_ENABLE_OBJC_ARC = YES;
				CLANG_ENABLE_OBJC_WEAK = YES;
				CLANG_WARN_BLOCK_CAPTURE_AUTORELEASING = YES;
				CLANG_WARN_BOOL_CONVERSION = YES;
				CLANG_WARN_COMMA = YES;
				CLANG_WARN_CONSTANT_CONVERSION = YES;
				CLANG_WARN_DEPRECATED_OBJC_IMPLEMENTATIONS = YES;
				CLANG_WARN_DIRECT_OBJC_ISA_USAGE = YES_ERROR;
				CLANG_WARN_DOCUMENTATION_COMMENTS = YES;
				CLANG_WARN_EMPTY_BODY = YES;
				CLANG_WARN_ENUM_CONVERSION = YES;
				CLANG_WARN_INFINITE_RECURSION = YES;
				CLANG_WARN_INT_CONVERSION = YES;
				CLANG_WARN_NON_LITERAL_NULL_CONVERSION = YES;
				CLANG_WARN_OBJC_IMPLICIT_RETAIN_SELF = YES;
				CLANG_WARN_OBJC_LITERAL_CONVERSION = YES;
				CLANG_WARN_OBJC_ROOT_CLASS = YES_ERROR;
				CLANG_WARN_QUOTED_INCLUDE_IN_FRAMEWORK_HEADER = YES;
				CLANG_WARN_RANGE_LOOP_ANALYSIS = YES;
				CLANG_WARN_STRICT_PROTOTYPES = YES;
				CLANG_WARN_SUSPICIOUS_MOVE = YES;
				CLANG_WARN_UNGUARDED_AVAILABILITY = YES_AGGRESSIVE;
				CLANG_WARN_UNREACHABLE_CODE = YES;
				CLANG_WARN__DUPLICATE_METHOD_MATCH = YES;
				COPY_PHASE_STRIP = NO;
				DEBUG_INFORMATION_FORMAT = dwarf;
				ENABLE_STRICT_OBJC_MSGSEND = YES;
				ENABLE_TESTABILITY = YES;
				GCC_C_LANGUAGE_STANDARD = gnu11;
				GCC_DYNAMIC_NO_PIC = NO;
				GCC_NO_COMMON_BLOCKS = YES;
				GCC_OPTIMIZATION_LEVEL = 0;
				GCC_PREPROCESSOR_DEFINITIONS = (
					"DEBUG=1",
					"$(inherited)",
				);
				GCC_WARN_64_TO_32_BIT_CONVERSION = YES;
				GCC_WARN_ABOUT_RETURN_TYPE = YES_ERROR;
				GCC_WARN_UNDECLARED_SELECTOR = YES;
				GCC_WARN_UNINITIALIZED_AUTOS = YES_AGGRESSIVE;
				GCC_WARN_UNUSED_FUNCTION = YES;
				GCC_WARN_UNUSED_VARIABLE = YES;
				IPHONEOS_DEPLOYMENT_TARGET = 14.0;
				MTL_ENABLE_DEBUG_INFO = INCLUDE_SOURCE;
				MTL_FAST_MATH = YES;
				ONLY_ACTIVE_ARCH = YES;
				SDKROOT = iphoneos;
				SWIFT_ACTIVE_COMPILATION_CONDITIONS = DEBUG;
				SWIFT_OPTIMIZATION_LEVEL = "-Onone";
			};
			name = Debug;
		};
		26534C5F257E782A00374642 /* Release */ = {
			isa = XCBuildConfiguration;
			buildSettings = {
				ALWAYS_SEARCH_USER_PATHS = NO;
				CLANG_ANALYZER_NONNULL = YES;
				CLANG_ANALYZER_NUMBER_OBJECT_CONVERSION = YES_AGGRESSIVE;
				CLANG_CXX_LANGUAGE_STANDARD = "gnu++14";
				CLANG_CXX_LIBRARY = "libc++";
				CLANG_ENABLE_MODULES = YES;
				CLANG_ENABLE_OBJC_ARC = YES;
				CLANG_ENABLE_OBJC_WEAK = YES;
				CLANG_WARN_BLOCK_CAPTURE_AUTORELEASING = YES;
				CLANG_WARN_BOOL_CONVERSION = YES;
				CLANG_WARN_COMMA = YES;
				CLANG_WARN_CONSTANT_CONVERSION = YES;
				CLANG_WARN_DEPRECATED_OBJC_IMPLEMENTATIONS = YES;
				CLANG_WARN_DIRECT_OBJC_ISA_USAGE = YES_ERROR;
				CLANG_WARN_DOCUMENTATION_COMMENTS = YES;
				CLANG_WARN_EMPTY_BODY = YES;
				CLANG_WARN_ENUM_CONVERSION = YES;
				CLANG_WARN_INFINITE_RECURSION = YES;
				CLANG_WARN_INT_CONVERSION = YES;
				CLANG_WARN_NON_LITERAL_NULL_CONVERSION = YES;
				CLANG_WARN_OBJC_IMPLICIT_RETAIN_SELF = YES;
				CLANG_WARN_OBJC_LITERAL_CONVERSION = YES;
				CLANG_WARN_OBJC_ROOT_CLASS = YES_ERROR;
				CLANG_WARN_QUOTED_INCLUDE_IN_FRAMEWORK_HEADER = YES;
				CLANG_WARN_RANGE_LOOP_ANALYSIS = YES;
				CLANG_WARN_STRICT_PROTOTYPES = YES;
				CLANG_WARN_SUSPICIOUS_MOVE = YES;
				CLANG_WARN_UNGUARDED_AVAILABILITY = YES_AGGRESSIVE;
				CLANG_WARN_UNREACHABLE_CODE = YES;
				CLANG_WARN__DUPLICATE_METHOD_MATCH = YES;
				COPY_PHASE_STRIP = NO;
				DEBUG_INFORMATION_FORMAT = "dwarf-with-dsym";
				ENABLE_NS_ASSERTIONS = NO;
				ENABLE_STRICT_OBJC_MSGSEND = YES;
				GCC_C_LANGUAGE_STANDARD = gnu11;
				GCC_NO_COMMON_BLOCKS = YES;
				GCC_WARN_64_TO_32_BIT_CONVERSION = YES;
				GCC_WARN_ABOUT_RETURN_TYPE = YES_ERROR;
				GCC_WARN_UNDECLARED_SELECTOR = YES;
				GCC_WARN_UNINITIALIZED_AUTOS = YES_AGGRESSIVE;
				GCC_WARN_UNUSED_FUNCTION = YES;
				GCC_WARN_UNUSED_VARIABLE = YES;
				IPHONEOS_DEPLOYMENT_TARGET = 14.0;
				MTL_ENABLE_DEBUG_INFO = NO;
				MTL_FAST_MATH = YES;
				SDKROOT = iphoneos;
				SWIFT_COMPILATION_MODE = wholemodule;
				SWIFT_OPTIMIZATION_LEVEL = "-O";
				VALIDATE_PRODUCT = YES;
			};
			name = Release;
		};
		26534C61257E782A00374642 /* Debug */ = {
			isa = XCBuildConfiguration;
			buildSettings = {
				ASSETCATALOG_COMPILER_APPICON_NAME = AppIcon;
				ASSETCATALOG_COMPILER_GLOBAL_ACCENT_COLOR_NAME = AccentColor;
				CODE_SIGN_STYLE = Automatic;
				INFOPLIST_FILE = TriangleSegitiga/Info.plist;
				LD_RUNPATH_SEARCH_PATHS = (
					"$(inherited)",
					"@executable_path/Frameworks",
				);
				PRODUCT_BUNDLE_IDENTIFIER = com.izudin.swiftui.TriangleSegitiga;
				PRODUCT_NAME = "$(TARGET_NAME)";
				SWIFT_VERSION = 5.0;
				TARGETED_DEVICE_FAMILY = "1,2";
			};
			name = Debug;
		};
		26534C62257E782A00374642 /* Release */ = {
			isa = XCBuildConfiguration;
			buildSettings = {
				ASSETCATALOG_COMPILER_APPICON_NAME = AppIcon;
				ASSETCATALOG_COMPILER_GLOBAL_ACCENT_COLOR_NAME = AccentColor;
				CODE_SIGN_STYLE = Automatic;
				INFOPLIST_FILE = TriangleSegitiga/Info.plist;
				LD_RUNPATH_SEARCH_PATHS = (
					"$(inherited)",
					"@executable_path/Frameworks",
				);
				PRODUCT_BUNDLE_IDENTIFIER = com.izudin.swiftui.TriangleSegitiga;
				PRODUCT_NAME = "$(TARGET_NAME)";
				SWIFT_VERSION = 5.0;
				TARGETED_DEVICE_FAMILY = "1,2";
			};
			name = Release;
		};
		26534C64257E782A00374642 /* Debug */ = {
			isa = XCBuildConfiguration;
			buildSettings = {
				ALWAYS_EMBED_SWIFT_STANDARD_LIBRARIES = YES;
				BUNDLE_LOADER = "$(TEST_HOST)";
				CODE_SIGN_STYLE = Automatic;
				INFOPLIST_FILE = TriangleSegitigaTests/Info.plist;
				IPHONEOS_DEPLOYMENT_TARGET = 14.0;
				LD_RUNPATH_SEARCH_PATHS = (
					"$(inherited)",
					"@executable_path/Frameworks",
					"@loader_path/Frameworks",
				);
				PRODUCT_BUNDLE_IDENTIFIER = com.izudin.swiftui.TriangleSegitigaTests;
				PRODUCT_NAME = "$(TARGET_NAME)";
				SWIFT_VERSION = 5.0;
				TARGETED_DEVICE_FAMILY = "1,2";
				TEST_HOST = "$(BUILT_PRODUCTS_DIR)/TriangleSegitiga.app/TriangleSegitiga";
			};
			name = Debug;
		};
		26534C65257E782A00374642 /* Release */ = {
			isa = XCBuildConfiguration;
			buildSettings = {
				ALWAYS_EMBED_SWIFT_STANDARD_LIBRARIES = YES;
				BUNDLE_LOADER = "$(TEST_HOST)";
				CODE_SIGN_STYLE = Automatic;
				INFOPLIST_FILE = TriangleSegitigaTests/Info.plist;
				IPHONEOS_DEPLOYMENT_TARGET = 14.0;
				LD_RUNPATH_SEARCH_PATHS = (
					"$(inherited)",
					"@executable_path/Frameworks",
					"@loader_path/Frameworks",
				);
				PRODUCT_BUNDLE_IDENTIFIER = com.izudin.swiftui.TriangleSegitigaTests;
				PRODUCT_NAME = "$(TARGET_NAME)";
				SWIFT_VERSION = 5.0;
				TARGETED_DEVICE_FAMILY = "1,2";
				TEST_HOST = "$(BUILT_PRODUCTS_DIR)/TriangleSegitiga.app/TriangleSegitiga";
			};
			name = Release;
		};
		26534C67257E782A00374642 /* Debug */ = {
			isa = XCBuildConfiguration;
			buildSettings = {
				ALWAYS_EMBED_SWIFT_STANDARD_LIBRARIES = YES;
				CODE_SIGN_STYLE = Automatic;
				INFOPLIST_FILE = TriangleSegitigaUITests/Info.plist;
				LD_RUNPATH_SEARCH_PATHS = (
					"$(inherited)",
					"@executable_path/Frameworks",
					"@loader_path/Frameworks",
				);
				PRODUCT_BUNDLE_IDENTIFIER = com.izudin.swiftui.TriangleSegitigaUITests;
				PRODUCT_NAME = "$(TARGET_NAME)";
				SWIFT_VERSION = 5.0;
				TARGETED_DEVICE_FAMILY = "1,2";
				TEST_TARGET_NAME = TriangleSegitiga;
			};
			name = Debug;
		};
		26534C68257E782A00374642 /* Release */ = {
			isa = XCBuildConfiguration;
			buildSettings = {
				ALWAYS_EMBED_SWIFT_STANDARD_LIBRARIES = YES;
				CODE_SIGN_STYLE = Automatic;
				INFOPLIST_FILE = TriangleSegitigaUITests/Info.plist;
				LD_RUNPATH_SEARCH_PATHS = (
					"$(inherited)",
					"@executable_path/Frameworks",
					"@loader_path/Frameworks",
				);
				PRODUCT_BUNDLE_IDENTIFIER = com.izudin.swiftui.TriangleSegitigaUITests;
				PRODUCT_NAME = "$(TARGET_NAME)";
				SWIFT_VERSION = 5.0;
				TARGETED_DEVICE_FAMILY = "1,2";
				TEST_TARGET_NAME = TriangleSegitiga;
			};
			name = Release;
		};
/* End XCBuildConfiguration section */

/* Begin XCConfigurationList section */
		26534C31257E782800374642 /* Build configuration list for PBXProject "TriangleSegitiga" */ = {
			isa = XCConfigurationList;
			buildConfigurations = (
				26534C5E257E782A00374642 /* Debug */,
				26534C5F257E782A00374642 /* Release */,
			);
			defaultConfigurationIsVisible = 0;
			defaultConfigurationName = Release;
		};
		26534C60257E782A00374642 /* Build configuration list for PBXNativeTarget "TriangleSegitiga" */ = {
			isa = XCConfigurationList;
			buildConfigurations = (
				26534C61257E782A00374642 /* Debug */,
				26534C62257E782A00374642 /* Release */,
			);
			defaultConfigurationIsVisible = 0;
			defaultConfigurationName = Release;
		};
		26534C63257E782A00374642 /* Build configuration list for PBXNativeTarget "TriangleSegitigaTests" */ = {
			isa = XCConfigurationList;
			buildConfigurations = (
				26534C64257E782A00374642 /* Debug */,
				26534C65257E782A00374642 /* Release */,
			);
			defaultConfigurationIsVisible = 0;
			defaultConfigurationName = Release;
		};
		26534C66257E782A00374642 /* Build configuration list for PBXNativeTarget "TriangleSegitigaUITests" */ = {
			isa = XCConfigurationList;
			buildConfigurations = (
				26534C67257E782A00374642 /* Debug */,
				26534C68257E782A00374642 /* Release */,
			);
			defaultConfigurationIsVisible = 0;
			defaultConfigurationName = Release;
		};
/* End XCConfigurationList section */
	};
	rootObject = 26534C2E257E782800374642 /* Project object */;
}
